
Microsoft Visual Studio Solution File, Format Version 12.00
Project("{FAE04EC0-301F-11D3-BF4B-00C04F79EFBC}") = "InithialProject", "InithialProject\InithialProject.csproj", "{60BDC5CA-D049-455B-87CE-EAEEF6C735AD}"
EndProject
Global
	GlobalSection(SolutionConfigurationPlatforms) = preSolution
		Debug|Any CPU = Debug|Any CPU
		Release|Any CPU = Release|Any CPU
	EndGlobalSection
	GlobalSection(ProjectConfigurationPlatforms) = postSolution
		{60BDC5CA-D049-455B-87CE-EAEEF6C735AD}.Debug|Any CPU.ActiveCfg = Debug|Any CPU
		{60BDC5CA-D049-455B-87CE-EAEEF6C735AD}.Debug|Any CPU.Build.0 = Debug|Any CPU
		{60BDC5CA-D049-455B-87CE-EAEEF6C735AD}.Release|Any CPU.ActiveCfg = Release|Any CPU
		{60BDC5CA-D049-455B-87CE-EAEEF6C735AD}.Release|Any CPU.Build.0 = Release|Any CPU
	EndGlobalSection
EndGlobal
